// !$*UTF8*$!
{
	archiveVersion = 1;
	classes = {
	};
	objectVersion = 50;
	objects = {

/* Begin PBXBuildFile section */
		642141EB262B3EA500FF4B30 /* AppDelegate.swift in Sources */ = {isa = PBXBuildFile; fileRef = 642141EA262B3EA500FF4B30 /* AppDelegate.swift */; };
		642141ED262B3EA500FF4B30 /* SceneDelegate.swift in Sources */ = {isa = PBXBuildFile; fileRef = 642141EC262B3EA500FF4B30 /* SceneDelegate.swift */; };
		642141EF262B3EA500FF4B30 /* HomeViewController.swift in Sources */ = {isa = PBXBuildFile; fileRef = 642141EE262B3EA500FF4B30 /* HomeViewController.swift */; };
		642141F2262B3EA500FF4B30 /* Main.storyboard in Resources */ = {isa = PBXBuildFile; fileRef = 642141F0262B3EA500FF4B30 /* Main.storyboard */; };
		642141F4262B3EAA00FF4B30 /* Assets.xcassets in Resources */ = {isa = PBXBuildFile; fileRef = 642141F3262B3EAA00FF4B30 /* Assets.xcassets */; };
		642141F7262B3EAA00FF4B30 /* LaunchScreen.storyboard in Resources */ = {isa = PBXBuildFile; fileRef = 642141F5262B3EAA00FF4B30 /* LaunchScreen.storyboard */; };
		64214202262B3EAA00FF4B30 /* InstagramTests.swift in Sources */ = {isa = PBXBuildFile; fileRef = 64214201262B3EAA00FF4B30 /* InstagramTests.swift */; };
		6421420D262B3EAA00FF4B30 /* InstagramUITests.swift in Sources */ = {isa = PBXBuildFile; fileRef = 6421420C262B3EAA00FF4B30 /* InstagramUITests.swift */; };
		64214229262B415900FF4B30 /* ExploreViewController.swift in Sources */ = {isa = PBXBuildFile; fileRef = 64214228262B415800FF4B30 /* ExploreViewController.swift */; };
		6421422E262B416D00FF4B30 /* CameraViewController.swift in Sources */ = {isa = PBXBuildFile; fileRef = 6421422D262B416D00FF4B30 /* CameraViewController.swift */; };
		64214233262B417F00FF4B30 /* NotificationViewController.swift in Sources */ = {isa = PBXBuildFile; fileRef = 64214232262B417F00FF4B30 /* NotificationViewController.swift */; };
		64214238262B419700FF4B30 /* ProfileViewController.swift in Sources */ = {isa = PBXBuildFile; fileRef = 64214237262B419700FF4B30 /* ProfileViewController.swift */; };
		6421423F262B41DC00FF4B30 /* LoginViewController.swift in Sources */ = {isa = PBXBuildFile; fileRef = 6421423E262B41DC00FF4B30 /* LoginViewController.swift */; };
		64214247262B41EB00FF4B30 /* RegistrationViewController.swift in Sources */ = {isa = PBXBuildFile; fileRef = 64214246262B41EB00FF4B30 /* RegistrationViewController.swift */; };
		6421424C262B420D00FF4B30 /* PostViewController.swift in Sources */ = {isa = PBXBuildFile; fileRef = 6421424B262B420D00FF4B30 /* PostViewController.swift */; };
		64214251262B423E00FF4B30 /* EditProfileViewController.swift in Sources */ = {isa = PBXBuildFile; fileRef = 64214250262B423E00FF4B30 /* EditProfileViewController.swift */; };
		64214256262B425100FF4B30 /* SettingsViewController.swift in Sources */ = {isa = PBXBuildFile; fileRef = 64214255262B425100FF4B30 /* SettingsViewController.swift */; };
		6421425B262B425C00FF4B30 /* ListViewController.swift in Sources */ = {isa = PBXBuildFile; fileRef = 6421425A262B425C00FF4B30 /* ListViewController.swift */; };
		64214260262B428100FF4B30 /* SearchViewController.swift in Sources */ = {isa = PBXBuildFile; fileRef = 6421425F262B428100FF4B30 /* SearchViewController.swift */; };
		64214265262B429700FF4B30 /* SearchResultViewController.swift in Sources */ = {isa = PBXBuildFile; fileRef = 64214264262B429700FF4B30 /* SearchResultViewController.swift */; };
		6421426A262B42BC00FF4B30 /* PostEditorViewController.swift in Sources */ = {isa = PBXBuildFile; fileRef = 64214269262B42BC00FF4B30 /* PostEditorViewController.swift */; };
		6421426F262B42D800FF4B30 /* PublishPostViewController.swift in Sources */ = {isa = PBXBuildFile; fileRef = 6421426E262B42D800FF4B30 /* PublishPostViewController.swift */; };
/* End PBXBuildFile section */

/* Begin PBXContainerItemProxy section */
		642141FE262B3EAA00FF4B30 /* PBXContainerItemProxy */ = {
			isa = PBXContainerItemProxy;
			containerPortal = 642141DF262B3EA500FF4B30 /* Project object */;
			proxyType = 1;
			remoteGlobalIDString = 642141E6262B3EA500FF4B30;
			remoteInfo = Instagram;
		};
		64214209262B3EAA00FF4B30 /* PBXContainerItemProxy */ = {
			isa = PBXContainerItemProxy;
			containerPortal = 642141DF262B3EA500FF4B30 /* Project object */;
			proxyType = 1;
			remoteGlobalIDString = 642141E6262B3EA500FF4B30;
			remoteInfo = Instagram;
		};
/* End PBXContainerItemProxy section */

/* Begin PBXFileReference section */
		642141E7262B3EA500FF4B30 /* Instagram.app */ = {isa = PBXFileReference; explicitFileType = wrapper.application; includeInIndex = 0; path = Instagram.app; sourceTree = BUILT_PRODUCTS_DIR; };
		642141EA262B3EA500FF4B30 /* AppDelegate.swift */ = {isa = PBXFileReference; lastKnownFileType = sourcecode.swift; path = AppDelegate.swift; sourceTree = "<group>"; };
		642141EC262B3EA500FF4B30 /* SceneDelegate.swift */ = {isa = PBXFileReference; lastKnownFileType = sourcecode.swift; path = SceneDelegate.swift; sourceTree = "<group>"; };
		642141EE262B3EA500FF4B30 /* HomeViewController.swift */ = {isa = PBXFileReference; lastKnownFileType = sourcecode.swift; path = HomeViewController.swift; sourceTree = "<group>"; };
		642141F1262B3EA500FF4B30 /* Base */ = {isa = PBXFileReference; lastKnownFileType = file.storyboard; name = Base; path = Base.lproj/Main.storyboard; sourceTree = "<group>"; };
		642141F3262B3EAA00FF4B30 /* Assets.xcassets */ = {isa = PBXFileReference; lastKnownFileType = folder.assetcatalog; path = Assets.xcassets; sourceTree = "<group>"; };
		642141F6262B3EAA00FF4B30 /* Base */ = {isa = PBXFileReference; lastKnownFileType = file.storyboard; name = Base; path = Base.lproj/LaunchScreen.storyboard; sourceTree = "<group>"; };
		642141F8262B3EAA00FF4B30 /* Info.plist */ = {isa = PBXFileReference; lastKnownFileType = text.plist.xml; path = Info.plist; sourceTree = "<group>"; };
		642141FD262B3EAA00FF4B30 /* InstagramTests.xctest */ = {isa = PBXFileReference; explicitFileType = wrapper.cfbundle; includeInIndex = 0; path = InstagramTests.xctest; sourceTree = BUILT_PRODUCTS_DIR; };
		64214201262B3EAA00FF4B30 /* InstagramTests.swift */ = {isa = PBXFileReference; lastKnownFileType = sourcecode.swift; path = InstagramTests.swift; sourceTree = "<group>"; };
		64214203262B3EAA00FF4B30 /* Info.plist */ = {isa = PBXFileReference; lastKnownFileType = text.plist.xml; path = Info.plist; sourceTree = "<group>"; };
		64214208262B3EAA00FF4B30 /* InstagramUITests.xctest */ = {isa = PBXFileReference; explicitFileType = wrapper.cfbundle; includeInIndex = 0; path = InstagramUITests.xctest; sourceTree = BUILT_PRODUCTS_DIR; };
		6421420C262B3EAA00FF4B30 /* InstagramUITests.swift */ = {isa = PBXFileReference; lastKnownFileType = sourcecode.swift; path = InstagramUITests.swift; sourceTree = "<group>"; };
		6421420E262B3EAA00FF4B30 /* Info.plist */ = {isa = PBXFileReference; lastKnownFileType = text.plist.xml; path = Info.plist; sourceTree = "<group>"; };
		64214228262B415800FF4B30 /* ExploreViewController.swift */ = {isa = PBXFileReference; lastKnownFileType = sourcecode.swift; path = ExploreViewController.swift; sourceTree = "<group>"; };
		6421422D262B416D00FF4B30 /* CameraViewController.swift */ = {isa = PBXFileReference; lastKnownFileType = sourcecode.swift; path = CameraViewController.swift; sourceTree = "<group>"; };
		64214232262B417F00FF4B30 /* NotificationViewController.swift */ = {isa = PBXFileReference; lastKnownFileType = sourcecode.swift; path = NotificationViewController.swift; sourceTree = "<group>"; };
		64214237262B419700FF4B30 /* ProfileViewController.swift */ = {isa = PBXFileReference; lastKnownFileType = sourcecode.swift; path = ProfileViewController.swift; sourceTree = "<group>"; };
		6421423E262B41DC00FF4B30 /* LoginViewController.swift */ = {isa = PBXFileReference; lastKnownFileType = sourcecode.swift; path = LoginViewController.swift; sourceTree = "<group>"; };
		64214246262B41EB00FF4B30 /* RegistrationViewController.swift */ = {isa = PBXFileReference; lastKnownFileType = sourcecode.swift; path = RegistrationViewController.swift; sourceTree = "<group>"; };
		6421424B262B420D00FF4B30 /* PostViewController.swift */ = {isa = PBXFileReference; lastKnownFileType = sourcecode.swift; path = PostViewController.swift; sourceTree = "<group>"; };
		64214250262B423E00FF4B30 /* EditProfileViewController.swift */ = {isa = PBXFileReference; lastKnownFileType = sourcecode.swift; path = EditProfileViewController.swift; sourceTree = "<group>"; };
		64214255262B425100FF4B30 /* SettingsViewController.swift */ = {isa = PBXFileReference; lastKnownFileType = sourcecode.swift; path = SettingsViewController.swift; sourceTree = "<group>"; };
		6421425A262B425C00FF4B30 /* ListViewController.swift */ = {isa = PBXFileReference; lastKnownFileType = sourcecode.swift; path = ListViewController.swift; sourceTree = "<group>"; };
		6421425F262B428100FF4B30 /* SearchViewController.swift */ = {isa = PBXFileReference; lastKnownFileType = sourcecode.swift; path = SearchViewController.swift; sourceTree = "<group>"; };
		64214264262B429700FF4B30 /* SearchResultViewController.swift */ = {isa = PBXFileReference; lastKnownFileType = sourcecode.swift; path = SearchResultViewController.swift; sourceTree = "<group>"; };
		64214269262B42BC00FF4B30 /* PostEditorViewController.swift */ = {isa = PBXFileReference; lastKnownFileType = sourcecode.swift; path = PostEditorViewController.swift; sourceTree = "<group>"; };
		6421426E262B42D800FF4B30 /* PublishPostViewController.swift */ = {isa = PBXFileReference; lastKnownFileType = sourcecode.swift; path = PublishPostViewController.swift; sourceTree = "<group>"; };
/* End PBXFileReference section */

/* Begin PBXFrameworksBuildPhase section */
		642141E4262B3EA500FF4B30 /* Frameworks */ = {
			isa = PBXFrameworksBuildPhase;
			buildActionMask = 2147483647;
			files = (
			);
			runOnlyForDeploymentPostprocessing = 0;
		};
		642141FA262B3EAA00FF4B30 /* Frameworks */ = {
			isa = PBXFrameworksBuildPhase;
			buildActionMask = 2147483647;
			files = (
			);
			runOnlyForDeploymentPostprocessing = 0;
		};
		64214205262B3EAA00FF4B30 /* Frameworks */ = {
			isa = PBXFrameworksBuildPhase;
			buildActionMask = 2147483647;
			files = (
			);
			runOnlyForDeploymentPostprocessing = 0;
		};
/* End PBXFrameworksBuildPhase section */

/* Begin PBXGroup section */
		642141DE262B3EA500FF4B30 = {
			isa = PBXGroup;
			children = (
				642141E9262B3EA500FF4B30 /* Instagram */,
				64214200262B3EAA00FF4B30 /* InstagramTests */,
				6421420B262B3EAA00FF4B30 /* InstagramUITests */,
				642141E8262B3EA500FF4B30 /* Products */,
			);
			sourceTree = "<group>";
		};
		642141E8262B3EA500FF4B30 /* Products */ = {
			isa = PBXGroup;
			children = (
				642141E7262B3EA500FF4B30 /* Instagram.app */,
				642141FD262B3EAA00FF4B30 /* InstagramTests.xctest */,
				64214208262B3EAA00FF4B30 /* InstagramUITests.xctest */,
			);
			name = Products;
			sourceTree = "<group>";
		};
		642141E9262B3EA500FF4B30 /* Instagram */ = {
			isa = PBXGroup;
			children = (
				64214220262B3F5F00FF4B30 /* Recourses */,
				6421421F262B3F5700FF4B30 /* Models */,
				6421421E262B3F4D00FF4B30 /* Views */,
				6421421D262B3F3F00FF4B30 /* Controllers */,
				642141F8262B3EAA00FF4B30 /* Info.plist */,
			);
			path = Instagram;
			sourceTree = "<group>";
		};
		64214200262B3EAA00FF4B30 /* InstagramTests */ = {
			isa = PBXGroup;
			children = (
				64214201262B3EAA00FF4B30 /* InstagramTests.swift */,
				64214203262B3EAA00FF4B30 /* Info.plist */,
			);
			path = InstagramTests;
			sourceTree = "<group>";
		};
		6421420B262B3EAA00FF4B30 /* InstagramUITests */ = {
			isa = PBXGroup;
			children = (
				6421420C262B3EAA00FF4B30 /* InstagramUITests.swift */,
				6421420E262B3EAA00FF4B30 /* Info.plist */,
			);
			path = InstagramUITests;
			sourceTree = "<group>";
		};
		6421421D262B3F3F00FF4B30 /* Controllers */ = {
			isa = PBXGroup;
			children = (
				6421423C262B41B100FF4B30 /* Other */,
				642141EE262B3EA500FF4B30 /* HomeViewController.swift */,
				64214228262B415800FF4B30 /* ExploreViewController.swift */,
				6421422D262B416D00FF4B30 /* CameraViewController.swift */,
				64214232262B417F00FF4B30 /* NotificationViewController.swift */,
				64214237262B419700FF4B30 /* ProfileViewController.swift */,
			);
			path = Controllers;
			sourceTree = "<group>";
		};
		6421421E262B3F4D00FF4B30 /* Views */ = {
			isa = PBXGroup;
			children = (
				642141F3262B3EAA00FF4B30 /* Assets.xcassets */,
				64214221262B3FC000FF4B30 /* Storyboard */,
			);
			path = Views;
			sourceTree = "<group>";
		};
		6421421F262B3F5700FF4B30 /* Models */ = {
			isa = PBXGroup;
			children = (
			);
			path = Models;
			sourceTree = "<group>";
		};
		64214220262B3F5F00FF4B30 /* Recourses */ = {
			isa = PBXGroup;
			children = (
				642141EA262B3EA500FF4B30 /* AppDelegate.swift */,
				642141EC262B3EA500FF4B30 /* SceneDelegate.swift */,
			);
			path = Recourses;
			sourceTree = "<group>";
		};
		64214221262B3FC000FF4B30 /* Storyboard */ = {
			isa = PBXGroup;
			children = (
				642141F0262B3EA500FF4B30 /* Main.storyboard */,
				642141F5262B3EAA00FF4B30 /* LaunchScreen.storyboard */,
			);
			path = Storyboard;
			sourceTree = "<group>";
		};
		6421423C262B41B100FF4B30 /* Other */ = {
			isa = PBXGroup;
			children = (
				6421423D262B41B900FF4B30 /* Onboarding */,
				6421424B262B420D00FF4B30 /* PostViewController.swift */,
				64214250262B423E00FF4B30 /* EditProfileViewController.swift */,
				64214255262B425100FF4B30 /* SettingsViewController.swift */,
				6421425A262B425C00FF4B30 /* ListViewController.swift */,
				6421425F262B428100FF4B30 /* SearchViewController.swift */,
				64214264262B429700FF4B30 /* SearchResultViewController.swift */,
				64214269262B42BC00FF4B30 /* PostEditorViewController.swift */,
				6421426E262B42D800FF4B30 /* PublishPostViewController.swift */,
			);
			path = Other;
			sourceTree = "<group>";
		};
		6421423D262B41B900FF4B30 /* Onboarding */ = {
			isa = PBXGroup;
			children = (
				6421423E262B41DC00FF4B30 /* LoginViewController.swift */,
				64214246262B41EB00FF4B30 /* RegistrationViewController.swift */,
			);
			path = Onboarding;
			sourceTree = "<group>";
		};
/* End PBXGroup section */

/* Begin PBXNativeTarget section */
		642141E6262B3EA500FF4B30 /* Instagram */ = {
			isa = PBXNativeTarget;
			buildConfigurationList = 64214211262B3EAA00FF4B30 /* Build configuration list for PBXNativeTarget "Instagram" */;
			buildPhases = (
				642141E3262B3EA500FF4B30 /* Sources */,
				642141E4262B3EA500FF4B30 /* Frameworks */,
				642141E5262B3EA500FF4B30 /* Resources */,
			);
			buildRules = (
			);
			dependencies = (
			);
			name = Instagram;
			productName = Instagram;
			productReference = 642141E7262B3EA500FF4B30 /* Instagram.app */;
			productType = "com.apple.product-type.application";
		};
		642141FC262B3EAA00FF4B30 /* InstagramTests */ = {
			isa = PBXNativeTarget;
			buildConfigurationList = 64214214262B3EAA00FF4B30 /* Build configuration list for PBXNativeTarget "InstagramTests" */;
			buildPhases = (
				642141F9262B3EAA00FF4B30 /* Sources */,
				642141FA262B3EAA00FF4B30 /* Frameworks */,
				642141FB262B3EAA00FF4B30 /* Resources */,
			);
			buildRules = (
			);
			dependencies = (
				642141FF262B3EAA00FF4B30 /* PBXTargetDependency */,
			);
			name = InstagramTests;
			productName = InstagramTests;
			productReference = 642141FD262B3EAA00FF4B30 /* InstagramTests.xctest */;
			productType = "com.apple.product-type.bundle.unit-test";
		};
		64214207262B3EAA00FF4B30 /* InstagramUITests */ = {
			isa = PBXNativeTarget;
			buildConfigurationList = 64214217262B3EAA00FF4B30 /* Build configuration list for PBXNativeTarget "InstagramUITests" */;
			buildPhases = (
				64214204262B3EAA00FF4B30 /* Sources */,
				64214205262B3EAA00FF4B30 /* Frameworks */,
				64214206262B3EAA00FF4B30 /* Resources */,
			);
			buildRules = (
			);
			dependencies = (
				6421420A262B3EAA00FF4B30 /* PBXTargetDependency */,
			);
			name = InstagramUITests;
			productName = InstagramUITests;
			productReference = 64214208262B3EAA00FF4B30 /* InstagramUITests.xctest */;
			productType = "com.apple.product-type.bundle.ui-testing";
		};
/* End PBXNativeTarget section */

/* Begin PBXProject section */
		642141DF262B3EA500FF4B30 /* Project object */ = {
			isa = PBXProject;
			attributes = {
				LastSwiftUpdateCheck = 1240;
				LastUpgradeCheck = 1240;
				TargetAttributes = {
					642141E6262B3EA500FF4B30 = {
						CreatedOnToolsVersion = 12.4;
					};
					642141FC262B3EAA00FF4B30 = {
						CreatedOnToolsVersion = 12.4;
						TestTargetID = 642141E6262B3EA500FF4B30;
					};
					64214207262B3EAA00FF4B30 = {
						CreatedOnToolsVersion = 12.4;
						TestTargetID = 642141E6262B3EA500FF4B30;
					};
				};
			};
			buildConfigurationList = 642141E2262B3EA500FF4B30 /* Build configuration list for PBXProject "Instagram" */;
			compatibilityVersion = "Xcode 9.3";
			developmentRegion = en;
			hasScannedForEncodings = 0;
			knownRegions = (
				en,
				Base,
			);
			mainGroup = 642141DE262B3EA500FF4B30;
			productRefGroup = 642141E8262B3EA500FF4B30 /* Products */;
			projectDirPath = "";
			projectRoot = "";
			targets = (
				642141E6262B3EA500FF4B30 /* Instagram */,
				642141FC262B3EAA00FF4B30 /* InstagramTests */,
				64214207262B3EAA00FF4B30 /* InstagramUITests */,
			);
		};
/* End PBXProject section */

/* Begin PBXResourcesBuildPhase section */
		642141E5262B3EA500FF4B30 /* Resources */ = {
			isa = PBXResourcesBuildPhase;
			buildActionMask = 2147483647;
			files = (
				642141F7262B3EAA00FF4B30 /* LaunchScreen.storyboard in Resources */,
				642141F4262B3EAA00FF4B30 /* Assets.xcassets in Resources */,
				642141F2262B3EA500FF4B30 /* Main.storyboard in Resources */,
			);
			runOnlyForDeploymentPostprocessing = 0;
		};
		642141FB262B3EAA00FF4B30 /* Resources */ = {
			isa = PBXResourcesBuildPhase;
			buildActionMask = 2147483647;
			files = (
			);
			runOnlyForDeploymentPostprocessing = 0;
		};
		64214206262B3EAA00FF4B30 /* Resources */ = {
			isa = PBXResourcesBuildPhase;
			buildActionMask = 2147483647;
			files = (
			);
			runOnlyForDeploymentPostprocessing = 0;
		};
/* End PBXResourcesBuildPhase section */

/* Begin PBXSourcesBuildPhase section */
		642141E3262B3EA500FF4B30 /* Sources */ = {
			isa = PBXSourcesBuildPhase;
			buildActionMask = 2147483647;
			files = (
				64214251262B423E00FF4B30 /* EditProfileViewController.swift in Sources */,
				64214229262B415900FF4B30 /* ExploreViewController.swift in Sources */,
				6421426F262B42D800FF4B30 /* PublishPostViewController.swift in Sources */,
				6421422E262B416D00FF4B30 /* CameraViewController.swift in Sources */,
				64214233262B417F00FF4B30 /* NotificationViewController.swift in Sources */,
				64214247262B41EB00FF4B30 /* RegistrationViewController.swift in Sources */,
				6421426A262B42BC00FF4B30 /* PostEditorViewController.swift in Sources */,
				6421424C262B420D00FF4B30 /* PostViewController.swift in Sources */,
				642141EF262B3EA500FF4B30 /* HomeViewController.swift in Sources */,
				64214265262B429700FF4B30 /* SearchResultViewController.swift in Sources */,
				6421423F262B41DC00FF4B30 /* LoginViewController.swift in Sources */,
				64214260262B428100FF4B30 /* SearchViewController.swift in Sources */,
				64214238262B419700FF4B30 /* ProfileViewController.swift in Sources */,
				642141EB262B3EA500FF4B30 /* AppDelegate.swift in Sources */,
				642141ED262B3EA500FF4B30 /* SceneDelegate.swift in Sources */,
				6421425B262B425C00FF4B30 /* ListViewController.swift in Sources */,
				64214256262B425100FF4B30 /* SettingsViewController.swift in Sources */,
			);
			runOnlyForDeploymentPostprocessing = 0;
		};
		642141F9262B3EAA00FF4B30 /* Sources */ = {
			isa = PBXSourcesBuildPhase;
			buildActionMask = 2147483647;
			files = (
				64214202262B3EAA00FF4B30 /* InstagramTests.swift in Sources */,
			);
			runOnlyForDeploymentPostprocessing = 0;
		};
		64214204262B3EAA00FF4B30 /* Sources */ = {
			isa = PBXSourcesBuildPhase;
			buildActionMask = 2147483647;
			files = (
				6421420D262B3EAA00FF4B30 /* InstagramUITests.swift in Sources */,
			);
			runOnlyForDeploymentPostprocessing = 0;
		};
/* End PBXSourcesBuildPhase section */

/* Begin PBXTargetDependency section */
		642141FF262B3EAA00FF4B30 /* PBXTargetDependency */ = {
			isa = PBXTargetDependency;
			target = 642141E6262B3EA500FF4B30 /* Instagram */;
			targetProxy = 642141FE262B3EAA00FF4B30 /* PBXContainerItemProxy */;
		};
		6421420A262B3EAA00FF4B30 /* PBXTargetDependency */ = {
			isa = PBXTargetDependency;
			target = 642141E6262B3EA500FF4B30 /* Instagram */;
			targetProxy = 64214209262B3EAA00FF4B30 /* PBXContainerItemProxy */;
		};
/* End PBXTargetDependency section */

/* Begin PBXVariantGroup section */
		642141F0262B3EA500FF4B30 /* Main.storyboard */ = {
			isa = PBXVariantGroup;
			children = (
				642141F1262B3EA500FF4B30 /* Base */,
			);
			name = Main.storyboard;
			sourceTree = "<group>";
		};
		642141F5262B3EAA00FF4B30 /* LaunchScreen.storyboard */ = {
			isa = PBXVariantGroup;
			children = (
				642141F6262B3EAA00FF4B30 /* Base */,
			);
			name = LaunchScreen.storyboard;
			sourceTree = "<group>";
		};
/* End PBXVariantGroup section */

/* Begin XCBuildConfiguration section */
		6421420F262B3EAA00FF4B30 /* Debug */ = {
			isa = XCBuildConfiguration;
			buildSettings = {
				ALWAYS_SEARCH_USER_PATHS = NO;
				CLANG_ANALYZER_NONNULL = YES;
				CLANG_ANALYZER_NUMBER_OBJECT_CONVERSION = YES_AGGRESSIVE;
				CLANG_CXX_LANGUAGE_STANDARD = "gnu++14";
				CLANG_CXX_LIBRARY = "libc++";
				CLANG_ENABLE_MODULES = YES;
				CLANG_ENABLE_OBJC_ARC = YES;
				CLANG_ENABLE_OBJC_WEAK = YES;
				CLANG_WARN_BLOCK_CAPTURE_AUTORELEASING = YES;
				CLANG_WARN_BOOL_CONVERSION = YES;
				CLANG_WARN_COMMA = YES;
				CLANG_WARN_CONSTANT_CONVERSION = YES;
				CLANG_WARN_DEPRECATED_OBJC_IMPLEMENTATIONS = YES;
				CLANG_WARN_DIRECT_OBJC_ISA_USAGE = YES_ERROR;
				CLANG_WARN_DOCUMENTATION_COMMENTS = YES;
				CLANG_WARN_EMPTY_BODY = YES;
				CLANG_WARN_ENUM_CONVERSION = YES;
				CLANG_WARN_INFINITE_RECURSION = YES;
				CLANG_WARN_INT_CONVERSION = YES;
				CLANG_WARN_NON_LITERAL_NULL_CONVERSION = YES;
				CLANG_WARN_OBJC_IMPLICIT_RETAIN_SELF = YES;
				CLANG_WARN_OBJC_LITERAL_CONVERSION = YES;
				CLANG_WARN_OBJC_ROOT_CLASS = YES_ERROR;
				CLANG_WARN_QUOTED_INCLUDE_IN_FRAMEWORK_HEADER = YES;
				CLANG_WARN_RANGE_LOOP_ANALYSIS = YES;
				CLANG_WARN_STRICT_PROTOTYPES = YES;
				CLANG_WARN_SUSPICIOUS_MOVE = YES;
				CLANG_WARN_UNGUARDED_AVAILABILITY = YES_AGGRESSIVE;
				CLANG_WARN_UNREACHABLE_CODE = YES;
				CLANG_WARN__DUPLICATE_METHOD_MATCH = YES;
				COPY_PHASE_STRIP = NO;
				DEBUG_INFORMATION_FORMAT = dwarf;
				ENABLE_STRICT_OBJC_MSGSEND = YES;
				ENABLE_TESTABILITY = YES;
				GCC_C_LANGUAGE_STANDARD = gnu11;
				GCC_DYNAMIC_NO_PIC = NO;
				GCC_NO_COMMON_BLOCKS = YES;
				GCC_OPTIMIZATION_LEVEL = 0;
				GCC_PREPROCESSOR_DEFINITIONS = (
					"DEBUG=1",
					"$(inherited)",
				);
				GCC_WARN_64_TO_32_BIT_CONVERSION = YES;
				GCC_WARN_ABOUT_RETURN_TYPE = YES_ERROR;
				GCC_WARN_UNDECLARED_SELECTOR = YES;
				GCC_WARN_UNINITIALIZED_AUTOS = YES_AGGRESSIVE;
				GCC_WARN_UNUSED_FUNCTION = YES;
				GCC_WARN_UNUSED_VARIABLE = YES;
				IPHONEOS_DEPLOYMENT_TARGET = 14.4;
				MTL_ENABLE_DEBUG_INFO = INCLUDE_SOURCE;
				MTL_FAST_MATH = YES;
				ONLY_ACTIVE_ARCH = YES;
				SDKROOT = iphoneos;
				SWIFT_ACTIVE_COMPILATION_CONDITIONS = DEBUG;
				SWIFT_OPTIMIZATION_LEVEL = "-Onone";
			};
			name = Debug;
		};
		64214210262B3EAA00FF4B30 /* Release */ = {
			isa = XCBuildConfiguration;
			buildSettings = {
				ALWAYS_SEARCH_USER_PATHS = NO;
				CLANG_ANALYZER_NONNULL = YES;
				CLANG_ANALYZER_NUMBER_OBJECT_CONVERSION = YES_AGGRESSIVE;
				CLANG_CXX_LANGUAGE_STANDARD = "gnu++14";
				CLANG_CXX_LIBRARY = "libc++";
				CLANG_ENABLE_MODULES = YES;
				CLANG_ENABLE_OBJC_ARC = YES;
				CLANG_ENABLE_OBJC_WEAK = YES;
				CLANG_WARN_BLOCK_CAPTURE_AUTORELEASING = YES;
				CLANG_WARN_BOOL_CONVERSION = YES;
				CLANG_WARN_COMMA = YES;
				CLANG_WARN_CONSTANT_CONVERSION = YES;
				CLANG_WARN_DEPRECATED_OBJC_IMPLEMENTATIONS = YES;
				CLANG_WARN_DIRECT_OBJC_ISA_USAGE = YES_ERROR;
				CLANG_WARN_DOCUMENTATION_COMMENTS = YES;
				CLANG_WARN_EMPTY_BODY = YES;
				CLANG_WARN_ENUM_CONVERSION = YES;
				CLANG_WARN_INFINITE_RECURSION = YES;
				CLANG_WARN_INT_CONVERSION = YES;
				CLANG_WARN_NON_LITERAL_NULL_CONVERSION = YES;
				CLANG_WARN_OBJC_IMPLICIT_RETAIN_SELF = YES;
				CLANG_WARN_OBJC_LITERAL_CONVERSION = YES;
				CLANG_WARN_OBJC_ROOT_CLASS = YES_ERROR;
				CLANG_WARN_QUOTED_INCLUDE_IN_FRAMEWORK_HEADER = YES;
				CLANG_WARN_RANGE_LOOP_ANALYSIS = YES;
				CLANG_WARN_STRICT_PROTOTYPES = YES;
				CLANG_WARN_SUSPICIOUS_MOVE = YES;
				CLANG_WARN_UNGUARDED_AVAILABILITY = YES_AGGRESSIVE;
				CLANG_WARN_UNREACHABLE_CODE = YES;
				CLANG_WARN__DUPLICATE_METHOD_MATCH = YES;
				COPY_PHASE_STRIP = NO;
				DEBUG_INFORMATION_FORMAT = "dwarf-with-dsym";
				ENABLE_NS_ASSERTIONS = NO;
				ENABLE_STRICT_OBJC_MSGSEND = YES;
				GCC_C_LANGUAGE_STANDARD = gnu11;
				GCC_NO_COMMON_BLOCKS = YES;
				GCC_WARN_64_TO_32_BIT_CONVERSION = YES;
				GCC_WARN_ABOUT_RETURN_TYPE = YES_ERROR;
				GCC_WARN_UNDECLARED_SELECTOR = YES;
				GCC_WARN_UNINITIALIZED_AUTOS = YES_AGGRESSIVE;
				GCC_WARN_UNUSED_FUNCTION = YES;
				GCC_WARN_UNUSED_VARIABLE = YES;
				IPHONEOS_DEPLOYMENT_TARGET = 14.4;
				MTL_ENABLE_DEBUG_INFO = NO;
				MTL_FAST_MATH = YES;
				SDKROOT = iphoneos;
				SWIFT_COMPILATION_MODE = wholemodule;
				SWIFT_OPTIMIZATION_LEVEL = "-O";
				VALIDATE_PRODUCT = YES;
			};
			name = Release;
		};
		64214212262B3EAA00FF4B30 /* Debug */ = {
			isa = XCBuildConfiguration;
			buildSettings = {
				ASSETCATALOG_COMPILER_APPICON_NAME = AppIcon;
				ASSETCATALOG_COMPILER_GLOBAL_ACCENT_COLOR_NAME = AccentColor;
				CODE_SIGN_STYLE = Automatic;
				DEVELOPMENT_TEAM = 68W3SBSH6G;
				INFOPLIST_FILE = Instagram/Info.plist;
				LD_RUNPATH_SEARCH_PATHS = (
					"$(inherited)",
					"@executable_path/Frameworks",
				);
				PRODUCT_BUNDLE_IDENTIFIER = "ambercatalbas-gmail.com.Instagram";
				PRODUCT_NAME = "$(TARGET_NAME)";
				SWIFT_VERSION = 5.0;
				TARGETED_DEVICE_FAMILY = "1,2";
			};
			name = Debug;
		};
		64214213262B3EAA00FF4B30 /* Release */ = {
			isa = XCBuildConfiguration;
			buildSettings = {
				ASSETCATALOG_COMPILER_APPICON_NAME = AppIcon;
				ASSETCATALOG_COMPILER_GLOBAL_ACCENT_COLOR_NAME = AccentColor;
				CODE_SIGN_STYLE = Automatic;
				DEVELOPMENT_TEAM = 68W3SBSH6G;
				INFOPLIST_FILE = Instagram/Info.plist;
				LD_RUNPATH_SEARCH_PATHS = (
					"$(inherited)",
					"@executable_path/Frameworks",
				);
				PRODUCT_BUNDLE_IDENTIFIER = "ambercatalbas-gmail.com.Instagram";
				PRODUCT_NAME = "$(TARGET_NAME)";
				SWIFT_VERSION = 5.0;
				TARGETED_DEVICE_FAMILY = "1,2";
			};
			name = Release;
		};
		64214215262B3EAA00FF4B30 /* Debug */ = {
			isa = XCBuildConfiguration;
			buildSettings = {
				ALWAYS_EMBED_SWIFT_STANDARD_LIBRARIES = YES;
				BUNDLE_LOADER = "$(TEST_HOST)";
				CODE_SIGN_STYLE = Automatic;
				DEVELOPMENT_TEAM = 68W3SBSH6G;
				INFOPLIST_FILE = InstagramTests/Info.plist;
				IPHONEOS_DEPLOYMENT_TARGET = 14.4;
				LD_RUNPATH_SEARCH_PATHS = (
					"$(inherited)",
					"@executable_path/Frameworks",
					"@loader_path/Frameworks",
				);
				PRODUCT_BUNDLE_IDENTIFIER = "ambercatalbas-gmail.com.InstagramTests";
				PRODUCT_NAME = "$(TARGET_NAME)";
				SWIFT_VERSION = 5.0;
				TARGETED_DEVICE_FAMILY = "1,2";
				TEST_HOST = "$(BUILT_PRODUCTS_DIR)/Instagram.app/Instagram";
			};
			name = Debug;
		};
		64214216262B3EAA00FF4B30 /* Release */ = {
			isa = XCBuildConfiguration;
			buildSettings = {
				ALWAYS_EMBED_SWIFT_STANDARD_LIBRARIES = YES;
				BUNDLE_LOADER = "$(TEST_HOST)";
				CODE_SIGN_STYLE = Automatic;
				DEVELOPMENT_TEAM = 68W3SBSH6G;
				INFOPLIST_FILE = InstagramTests/Info.plist;
				IPHONEOS_DEPLOYMENT_TARGET = 14.4;
				LD_RUNPATH_SEARCH_PATHS = (
					"$(inherited)",
					"@executable_path/Frameworks",
					"@loader_path/Frameworks",
				);
				PRODUCT_BUNDLE_IDENTIFIER = "ambercatalbas-gmail.com.InstagramTests";
				PRODUCT_NAME = "$(TARGET_NAME)";
				SWIFT_VERSION = 5.0;
				TARGETED_DEVICE_FAMILY = "1,2";
				TEST_HOST = "$(BUILT_PRODUCTS_DIR)/Instagram.app/Instagram";
			};
			name = Release;
		};
		64214218262B3EAA00FF4B30 /* Debug */ = {
			isa = XCBuildConfiguration;
			buildSettings = {
				ALWAYS_EMBED_SWIFT_STANDARD_LIBRARIES = YES;
				CODE_SIGN_STYLE = Automatic;
				DEVELOPMENT_TEAM = 68W3SBSH6G;
				INFOPLIST_FILE = InstagramUITests/Info.plist;
				LD_RUNPATH_SEARCH_PATHS = (
					"$(inherited)",
					"@executable_path/Frameworks",
					"@loader_path/Frameworks",
				);
				PRODUCT_BUNDLE_IDENTIFIER = "ambercatalbas-gmail.com.InstagramUITests";
				PRODUCT_NAME = "$(TARGET_NAME)";
				SWIFT_VERSION = 5.0;
				TARGETED_DEVICE_FAMILY = "1,2";
				TEST_TARGET_NAME = Instagram;
			};
			name = Debug;
		};
		64214219262B3EAA00FF4B30 /* Release */ = {
			isa = XCBuildConfiguration;
			buildSettings = {
				ALWAYS_EMBED_SWIFT_STANDARD_LIBRARIES = YES;
				CODE_SIGN_STYLE = Automatic;
				DEVELOPMENT_TEAM = 68W3SBSH6G;
				INFOPLIST_FILE = InstagramUITests/Info.plist;
				LD_RUNPATH_SEARCH_PATHS = (
					"$(inherited)",
					"@executable_path/Frameworks",
					"@loader_path/Frameworks",
				);
				PRODUCT_BUNDLE_IDENTIFIER = "ambercatalbas-gmail.com.InstagramUITests";
				PRODUCT_NAME = "$(TARGET_NAME)";
				SWIFT_VERSION = 5.0;
				TARGETED_DEVICE_FAMILY = "1,2";
				TEST_TARGET_NAME = Instagram;
			};
			name = Release;
		};
/* End XCBuildConfiguration section */

/* Begin XCConfigurationList section */
		642141E2262B3EA500FF4B30 /* Build configuration list for PBXProject "Instagram" */ = {
			isa = XCConfigurationList;
			buildConfigurations = (
				6421420F262B3EAA00FF4B30 /* Debug */,
				64214210262B3EAA00FF4B30 /* Release */,
			);
			defaultConfigurationIsVisible = 0;
			defaultConfigurationName = Release;
		};
		64214211262B3EAA00FF4B30 /* Build configuration list for PBXNativeTarget "Instagram" */ = {
			isa = XCConfigurationList;
			buildConfigurations = (
				64214212262B3EAA00FF4B30 /* Debug */,
				64214213262B3EAA00FF4B30 /* Release */,
			);
			defaultConfigurationIsVisible = 0;
			defaultConfigurationName = Release;
		};
		64214214262B3EAA00FF4B30 /* Build configuration list for PBXNativeTarget "InstagramTests" */ = {
			isa = XCConfigurationList;
			buildConfigurations = (
				64214215262B3EAA00FF4B30 /* Debug */,
				64214216262B3EAA00FF4B30 /* Release */,
			);
			defaultConfigurationIsVisible = 0;
			defaultConfigurationName = Release;
		};
		64214217262B3EAA00FF4B30 /* Build configuration list for PBXNativeTarget "InstagramUITests" */ = {
			isa = XCConfigurationList;
			buildConfigurations = (
				64214218262B3EAA00FF4B30 /* Debug */,
				64214219262B3EAA00FF4B30 /* Release */,
			);
			defaultConfigurationIsVisible = 0;
			defaultConfigurationName = Release;
		};
/* End XCConfigurationList section */
	};
	rootObject = 642141DF262B3EA500FF4B30 /* Project object */;
}
